// !$*UTF8*$!
{
	archiveVersion = 1;
	classes = {
	};
	objectVersion = 46;
	objects = {

/* Begin PBXBuildFile section */
		6103246020439F6E009BBA0C /* AVFoundation.framework in Frameworks */ = {isa = PBXBuildFile; fileRef = 61B1FDA01ED6D8AD00C67400 /* AVFoundation.framework */; };
		61298C712415DC310079CCFA /* OpenGLES.framework in Frameworks */ = {isa = PBXBuildFile; fileRef = 61298C702415DC310079CCFA /* OpenGLES.framework */; };
		61298C732415DC4B0079CCFA /* VideoToolbox.framework in Frameworks */ = {isa = PBXBuildFile; fileRef = 61298C722415DC4B0079CCFA /* VideoToolbox.framework */; };
		61298C742415DC530079CCFA /* AudioToolbox.framework in Frameworks */ = {isa = PBXBuildFile; fileRef = 61B1FD9C1ED6D87300C67400 /* AudioToolbox.framework */; };
		61298C782415DCA00079CCFA /* CoreMedia.framework in Frameworks */ = {isa = PBXBuildFile; fileRef = 61298C772415DCA00079CCFA /* CoreMedia.framework */; };
		61298C7A2415DCB60079CCFA /* CoreGraphics.framework in Frameworks */ = {isa = PBXBuildFile; fileRef = 61298C792415DCB60079CCFA /* CoreGraphics.framework */; };
		61298C7D2415DD110079CCFA /* CoreVideo.framework in Frameworks */ = {isa = PBXBuildFile; fileRef = 61298C7B2415DCCB0079CCFA /* CoreVideo.framework */; };
		61298C7F2415DD420079CCFA /* QuartzCore.framework in Frameworks */ = {isa = PBXBuildFile; fileRef = 61298C7E2415DD420079CCFA /* QuartzCore.framework */; };
		61B15DEF240BABE800FB2228 /* StreamMedia.framework in Frameworks */ = {isa = PBXBuildFile; fileRef = 616ECAA81F4C045200AE263D /* StreamMedia.framework */; };
		61BBD98E1F550C82002DC4CC /* AppDelegate.m in Sources */ = {isa = PBXBuildFile; fileRef = 61BBD97E1F550C82002DC4CC /* AppDelegate.m */; };
		61BBD98F1F550C82002DC4CC /* Assets.xcassets in Resources */ = {isa = PBXBuildFile; fileRef = 61BBD97F1F550C82002DC4CC /* Assets.xcassets */; };
		61BBD9901F550C82002DC4CC /* LaunchScreen.storyboard in Resources */ = {isa = PBXBuildFile; fileRef = 61BBD9811F550C82002DC4CC /* LaunchScreen.storyboard */; };
		61BBD9911F550C82002DC4CC /* Main.storyboard in Resources */ = {isa = PBXBuildFile; fileRef = 61BBD9831F550C82002DC4CC /* Main.storyboard */; };
		61BBD9931F550C82002DC4CC /* main.m in Sources */ = {isa = PBXBuildFile; fileRef = 61BBD9871F550C82002DC4CC /* main.m */; };
		61BBD9941F550C82002DC4CC /* UserListCell.m in Sources */ = {isa = PBXBuildFile; fileRef = 61BBD9891F550C82002DC4CC /* UserListCell.m */; };
		61BBD9951F550C82002DC4CC /* UserListCell.xib in Resources */ = {isa = PBXBuildFile; fileRef = 61BBD98A1F550C82002DC4CC /* UserListCell.xib */; };
		61BBD9961F550C82002DC4CC /* ViewController.m in Sources */ = {isa = PBXBuildFile; fileRef = 61BBD98C1F550C82002DC4CC /* ViewController.m */; };
		61BBD9991F550D9E002DC4CC /* StreamMedia.framework in Embed Frameworks */ = {isa = PBXBuildFile; fileRef = 616ECAA81F4C045200AE263D /* StreamMedia.framework */; settings = {ATTRIBUTES = (CodeSignOnCopy, RemoveHeadersOnCopy, ); }; };
		61C27EB61D0FFE2D005CDAA2 /* UIKit.framework in Frameworks */ = {isa = PBXBuildFile; fileRef = 61C27EB51D0FFE2D005CDAA2 /* UIKit.framework */; };
/* End PBXBuildFile section */

/* Begin PBXContainerItemProxy section */
		616ECAA71F4C045200AE263D /* PBXContainerItemProxy */ = {
			isa = PBXContainerItemProxy;
			containerPortal = 616ECAA31F4C045100AE263D /* StreamMedia.xcodeproj */;
			proxyType = 2;
			remoteGlobalIDString = 6105DEAF1D4055D70064735D;
			remoteInfo = StreamMedia;
		};
		616ECAB31F4C05D200AE263D /* PBXContainerItemProxy */ = {
			isa = PBXContainerItemProxy;
			containerPortal = 616ECAA31F4C045100AE263D /* StreamMedia.xcodeproj */;
			proxyType = 1;
			remoteGlobalIDString = 6105DEAE1D4055D70064735D;
			remoteInfo = StreamMedia;
		};
/* End PBXContainerItemProxy section */

/* Begin PBXCopyFilesBuildPhase section */
		61C8C6A51D7802F1008CD9C6 /* Embed Frameworks */ = {
			isa = PBXCopyFilesBuildPhase;
			buildActionMask = 2147483647;
			dstPath = "";
			dstSubfolderSpec = 10;
			files = (
				61BBD9991F550D9E002DC4CC /* StreamMedia.framework in Embed Frameworks */,
			);
			name = "Embed Frameworks";
			runOnlyForDeploymentPostprocessing = 0;
		};
/* End PBXCopyFilesBuildPhase section */

/* Begin PBXFileReference section */
		61298C702415DC310079CCFA /* OpenGLES.framework */ = {isa = PBXFileReference; lastKnownFileType = wrapper.framework; name = OpenGLES.framework; path = System/Library/Frameworks/OpenGLES.framework; sourceTree = SDKROOT; };
		61298C722415DC4B0079CCFA /* VideoToolbox.framework */ = {isa = PBXFileReference; lastKnownFileType = wrapper.framework; name = VideoToolbox.framework; path = System/Library/Frameworks/VideoToolbox.framework; sourceTree = SDKROOT; };
		61298C772415DCA00079CCFA /* CoreMedia.framework */ = {isa = PBXFileReference; lastKnownFileType = wrapper.framework; name = CoreMedia.framework; path = System/Library/Frameworks/CoreMedia.framework; sourceTree = SDKROOT; };
		61298C792415DCB60079CCFA /* CoreGraphics.framework */ = {isa = PBXFileReference; lastKnownFileType = wrapper.framework; name = CoreGraphics.framework; path = System/Library/Frameworks/CoreGraphics.framework; sourceTree = SDKROOT; };
		61298C7B2415DCCB0079CCFA /* CoreVideo.framework */ = {isa = PBXFileReference; lastKnownFileType = wrapper.framework; name = CoreVideo.framework; path = System/Library/Frameworks/CoreVideo.framework; sourceTree = SDKROOT; };
		61298C7E2415DD420079CCFA /* QuartzCore.framework */ = {isa = PBXFileReference; lastKnownFileType = wrapper.framework; name = QuartzCore.framework; path = System/Library/Frameworks/QuartzCore.framework; sourceTree = SDKROOT; };
		616ECAA31F4C045100AE263D /* StreamMedia.xcodeproj */ = {isa = PBXFileReference; lastKnownFileType = "wrapper.pb-project"; name = StreamMedia.xcodeproj; path = ../StreamMedia/StreamMedia.xcodeproj; sourceTree = "<group>"; };
		61B1FD991ED6D84200C67400 /* libstdc++.6.0.9.tbd */ = {isa = PBXFileReference; lastKnownFileType = "sourcecode.text-based-dylib-definition"; name = "libstdc++.6.0.9.tbd"; path = "usr/lib/libstdc++.6.0.9.tbd"; sourceTree = SDKROOT; };
		61B1FD9C1ED6D87300C67400 /* AudioToolbox.framework */ = {isa = PBXFileReference; lastKnownFileType = wrapper.framework; name = AudioToolbox.framework; path = System/Library/Frameworks/AudioToolbox.framework; sourceTree = SDKROOT; };
		61B1FD9D1ED6D87300C67400 /* AudioUnit.framework */ = {isa = PBXFileReference; lastKnownFileType = wrapper.framework; name = AudioUnit.framework; path = System/Library/Frameworks/AudioUnit.framework; sourceTree = SDKROOT; };
		61B1FDA01ED6D8AD00C67400 /* AVFoundation.framework */ = {isa = PBXFileReference; lastKnownFileType = wrapper.framework; name = AVFoundation.framework; path = System/Library/Frameworks/AVFoundation.framework; sourceTree = SDKROOT; };
		61BBD97D1F550C82002DC4CC /* AppDelegate.h */ = {isa = PBXFileReference; fileEncoding = 4; lastKnownFileType = sourcecode.c.h; name = AppDelegate.h; path = "StreamMedia-test/AppDelegate.h"; sourceTree = SOURCE_ROOT; };
		61BBD97E1F550C82002DC4CC /* AppDelegate.m */ = {isa = PBXFileReference; fileEncoding = 4; lastKnownFileType = sourcecode.c.objc; name = AppDelegate.m; path = "StreamMedia-test/AppDelegate.m"; sourceTree = SOURCE_ROOT; };
		61BBD97F1F550C82002DC4CC /* Assets.xcassets */ = {isa = PBXFileReference; lastKnownFileType = folder.assetcatalog; name = Assets.xcassets; path = "StreamMedia-test/Assets.xcassets"; sourceTree = SOURCE_ROOT; };
		61BBD9821F550C82002DC4CC /* Base */ = {isa = PBXFileReference; lastKnownFileType = file.storyboard; name = Base; path = LaunchScreen.storyboard; sourceTree = "<group>"; };
		61BBD9841F550C82002DC4CC /* Base */ = {isa = PBXFileReference; lastKnownFileType = file.storyboard; name = Base; path = Main.storyboard; sourceTree = "<group>"; };
		61BBD9861F550C82002DC4CC /* Info.plist */ = {isa = PBXFileReference; fileEncoding = 4; lastKnownFileType = text.plist.xml; name = Info.plist; path = "StreamMedia-test/Info.plist"; sourceTree = SOURCE_ROOT; };
		61BBD9871F550C82002DC4CC /* main.m */ = {isa = PBXFileReference; fileEncoding = 4; lastKnownFileType = sourcecode.c.objc; name = main.m; path = "StreamMedia-test/main.m"; sourceTree = SOURCE_ROOT; };
		61BBD9881F550C82002DC4CC /* UserListCell.h */ = {isa = PBXFileReference; fileEncoding = 4; lastKnownFileType = sourcecode.c.h; name = UserListCell.h; path = "StreamMedia-test/UserListCell.h"; sourceTree = SOURCE_ROOT; };
		61BBD9891F550C82002DC4CC /* UserListCell.m */ = {isa = PBXFileReference; fileEncoding = 4; lastKnownFileType = sourcecode.c.objc; name = UserListCell.m; path = "StreamMedia-test/UserListCell.m"; sourceTree = SOURCE_ROOT; };
		61BBD98A1F550C82002DC4CC /* UserListCell.xib */ = {isa = PBXFileReference; fileEncoding = 4; lastKnownFileType = file.xib; name = UserListCell.xib; path = "StreamMedia-test/UserListCell.xib"; sourceTree = SOURCE_ROOT; };
		61BBD98B1F550C82002DC4CC /* ViewController.h */ = {isa = PBXFileReference; fileEncoding = 4; lastKnownFileType = sourcecode.c.h; name = ViewController.h; path = "StreamMedia-test/ViewController.h"; sourceTree = SOURCE_ROOT; };
		61BBD98C1F550C82002DC4CC /* ViewController.m */ = {isa = PBXFileReference; fileEncoding = 4; lastKnownFileType = sourcecode.c.objc; name = ViewController.m; path = "StreamMedia-test/ViewController.m"; sourceTree = SOURCE_ROOT; };
		61BE93711ED2C287006EF83D /* RtmpLibrary.framework */ = {isa = PBXFileReference; lastKnownFileType = wrapper.framework; name = RtmpLibrary.framework; path = "client-netec/libs/RtmpLibrary.framework"; sourceTree = "<group>"; };
		61BFE733215F58410060B946 /* StreamMedia-test.entitlements */ = {isa = PBXFileReference; lastKnownFileType = text.plist.entitlements; name = "StreamMedia-test.entitlements"; path = "StreamMedia-test/StreamMedia-test.entitlements"; sourceTree = SOURCE_ROOT; };
		61C27E661D0FFB70005CDAA2 /* StreamMedia-test.app */ = {isa = PBXFileReference; explicitFileType = wrapper.application; includeInIndex = 0; path = "StreamMedia-test.app"; sourceTree = BUILT_PRODUCTS_DIR; };
		61C27E6A1D0FFB70005CDAA2 /* main.m */ = {isa = PBXFileReference; lastKnownFileType = sourcecode.c.objc; path = main.m; sourceTree = "<group>"; };
		61C27EB51D0FFE2D005CDAA2 /* UIKit.framework */ = {isa = PBXFileReference; lastKnownFileType = wrapper.framework; name = UIKit.framework; path = System/Library/Frameworks/UIKit.framework; sourceTree = SDKROOT; };
/* End PBXFileReference section */

/* Begin PBXFrameworksBuildPhase section */
		61C27E631D0FFB70005CDAA2 /* Frameworks */ = {
			isa = PBXFrameworksBuildPhase;
			buildActionMask = 2147483647;
			files = (
				61298C7F2415DD420079CCFA /* QuartzCore.framework in Frameworks */,
				61298C7D2415DD110079CCFA /* CoreVideo.framework in Frameworks */,
				61298C7A2415DCB60079CCFA /* CoreGraphics.framework in Frameworks */,
				61298C782415DCA00079CCFA /* CoreMedia.framework in Frameworks */,
				61298C742415DC530079CCFA /* AudioToolbox.framework in Frameworks */,
				61298C732415DC4B0079CCFA /* VideoToolbox.framework in Frameworks */,
				6103246020439F6E009BBA0C /* AVFoundation.framework in Frameworks */,
				61298C712415DC310079CCFA /* OpenGLES.framework in Frameworks */,
				61B15DEF240BABE800FB2228 /* StreamMedia.framework in Frameworks */,
				61C27EB61D0FFE2D005CDAA2 /* UIKit.framework in Frameworks */,
			);
			runOnlyForDeploymentPostprocessing = 0;
		};
/* End PBXFrameworksBuildPhase section */

/* Begin PBXGroup section */
		616ECAA41F4C045100AE263D /* Products */ = {
			isa = PBXGroup;
			children = (
				616ECAA81F4C045200AE263D /* StreamMedia.framework */,
			);
			name = Products;
			sourceTree = "<group>";
		};
		61BBD9801F550C82002DC4CC /* Base.lproj */ = {
			isa = PBXGroup;
			children = (
				61BBD9811F550C82002DC4CC /* LaunchScreen.storyboard */,
				61BBD9831F550C82002DC4CC /* Main.storyboard */,
			);
			name = Base.lproj;
			path = "StreamMedia-test/Base.lproj";
			sourceTree = SOURCE_ROOT;
		};
		61C27E5D1D0FFB6F005CDAA2 = {
			isa = PBXGroup;
			children = (
				616ECAA31F4C045100AE263D /* StreamMedia.xcodeproj */,
				61C27E681D0FFB70005CDAA2 /* StreamMedia-test */,
				61C27E671D0FFB70005CDAA2 /* Products */,
				61CFBFB01D8E2A0000523EE8 /* Frameworks */,
			);
			sourceTree = "<group>";
		};
		61C27E671D0FFB70005CDAA2 /* Products */ = {
			isa = PBXGroup;
			children = (
				61C27E661D0FFB70005CDAA2 /* StreamMedia-test.app */,
			);
			name = Products;
			sourceTree = "<group>";
		};
		61C27E681D0FFB70005CDAA2 /* StreamMedia-test */ = {
			isa = PBXGroup;
			children = (
				61BFE733215F58410060B946 /* StreamMedia-test.entitlements */,
				61BBD97D1F550C82002DC4CC /* AppDelegate.h */,
				61BBD97E1F550C82002DC4CC /* AppDelegate.m */,
				61BBD97F1F550C82002DC4CC /* Assets.xcassets */,
				61BBD9801F550C82002DC4CC /* Base.lproj */,
				61BBD9861F550C82002DC4CC /* Info.plist */,
				61BBD9871F550C82002DC4CC /* main.m */,
				61BBD9881F550C82002DC4CC /* UserListCell.h */,
				61BBD9891F550C82002DC4CC /* UserListCell.m */,
				61BBD98A1F550C82002DC4CC /* UserListCell.xib */,
				61BBD98B1F550C82002DC4CC /* ViewController.h */,
				61BBD98C1F550C82002DC4CC /* ViewController.m */,
				61D5602D1D51F25D0092E3E9 /* frameworks */,
				61C27E691D0FFB70005CDAA2 /* Supporting Files */,
			);
			name = "StreamMedia-test";
			path = "client-netec";
			sourceTree = "<group>";
		};
		61C27E691D0FFB70005CDAA2 /* Supporting Files */ = {
			isa = PBXGroup;
			children = (
				61C27E6A1D0FFB70005CDAA2 /* main.m */,
			);
			name = "Supporting Files";
			sourceTree = "<group>";
		};
		61CFBFB01D8E2A0000523EE8 /* Frameworks */ = {
			isa = PBXGroup;
			children = (
				61298C7E2415DD420079CCFA /* QuartzCore.framework */,
				61298C7B2415DCCB0079CCFA /* CoreVideo.framework */,
				61298C792415DCB60079CCFA /* CoreGraphics.framework */,
				61298C772415DCA00079CCFA /* CoreMedia.framework */,
				61298C722415DC4B0079CCFA /* VideoToolbox.framework */,
				61298C702415DC310079CCFA /* OpenGLES.framework */,
				61B1FDA01ED6D8AD00C67400 /* AVFoundation.framework */,
				61B1FD9C1ED6D87300C67400 /* AudioToolbox.framework */,
				61B1FD9D1ED6D87300C67400 /* AudioUnit.framework */,
				61B1FD991ED6D84200C67400 /* libstdc++.6.0.9.tbd */,
				61BE93711ED2C287006EF83D /* RtmpLibrary.framework */,
			);
			name = Frameworks;
			sourceTree = "<group>";
		};
		61D5602D1D51F25D0092E3E9 /* frameworks */ = {
			isa = PBXGroup;
			children = (
				61C27EB51D0FFE2D005CDAA2 /* UIKit.framework */,
			);
			name = frameworks;
			path = ..;
			sourceTree = "<group>";
		};
/* End PBXGroup section */

/* Begin PBXNativeTarget section */
		61C27E651D0FFB70005CDAA2 /* StreamMedia-test */ = {
			isa = PBXNativeTarget;
			buildConfigurationList = 61C27E7D1D0FFB70005CDAA2 /* Build configuration list for PBXNativeTarget "StreamMedia-test" */;
			buildPhases = (
				61C27E621D0FFB70005CDAA2 /* Sources */,
				61C27E641D0FFB70005CDAA2 /* Resources */,
				61C27E631D0FFB70005CDAA2 /* Frameworks */,
				61C8C6A51D7802F1008CD9C6 /* Embed Frameworks */,
			);
			buildRules = (
			);
			dependencies = (
				616ECAB41F4C05D200AE263D /* PBXTargetDependency */,
			);
			name = "StreamMedia-test";
			productName = "client-netec";
			productReference = 61C27E661D0FFB70005CDAA2 /* StreamMedia-test.app */;
			productType = "com.apple.product-type.application";
		};
/* End PBXNativeTarget section */

/* Begin PBXProject section */
		61C27E5E1D0FFB6F005CDAA2 /* Project object */ = {
			isa = PBXProject;
			attributes = {
				LastUpgradeCheck = 1130;
				ORGANIZATIONNAME = zhangxinming;
				TargetAttributes = {
					61C27E651D0FFB70005CDAA2 = {
						CreatedOnToolsVersion = 7.3;
						DevelopmentTeam = ED7JL98CTV;
						ProvisioningStyle = Automatic;
						SystemCapabilities = {
							com.apple.BackgroundModes = {
								enabled = 0;
							};
							com.apple.Push = {
								enabled = 0;
							};
							com.apple.WAC = {
								enabled = 0;
							};
						};
					};
				};
			};
			buildConfigurationList = 61C27E611D0FFB6F005CDAA2 /* Build configuration list for PBXProject "StreamMedia-test" */;
			compatibilityVersion = "Xcode 3.2";
			developmentRegion = en;
			hasScannedForEncodings = 0;
			knownRegions = (
				en,
				Base,
			);
			mainGroup = 61C27E5D1D0FFB6F005CDAA2;
			productRefGroup = 61C27E671D0FFB70005CDAA2 /* Products */;
			projectDirPath = "";
			projectReferences = (
				{
					ProductGroup = 616ECAA41F4C045100AE263D /* Products */;
					ProjectRef = 616ECAA31F4C045100AE263D /* StreamMedia.xcodeproj */;
				},
			);
			projectRoot = "";
			targets = (
				61C27E651D0FFB70005CDAA2 /* StreamMedia-test */,
			);
		};
/* End PBXProject section */

/* Begin PBXReferenceProxy section */
		616ECAA81F4C045200AE263D /* StreamMedia.framework */ = {
			isa = PBXReferenceProxy;
			fileType = wrapper.framework;
			path = StreamMedia.framework;
			remoteRef = 616ECAA71F4C045200AE263D /* PBXContainerItemProxy */;
			sourceTree = BUILT_PRODUCTS_DIR;
		};
/* End PBXReferenceProxy section */

/* Begin PBXResourcesBuildPhase section */
		61C27E641D0FFB70005CDAA2 /* Resources */ = {
			isa = PBXResourcesBuildPhase;
			buildActionMask = 2147483647;
			files = (
				61BBD9911F550C82002DC4CC /* Main.storyboard in Resources */,
				61BBD9951F550C82002DC4CC /* UserListCell.xib in Resources */,
				61BBD98F1F550C82002DC4CC /* Assets.xcassets in Resources */,
				61BBD9901F550C82002DC4CC /* LaunchScreen.storyboard in Resources */,
			);
			runOnlyForDeploymentPostprocessing = 0;
		};
/* End PBXResourcesBuildPhase section */

/* Begin PBXSourcesBuildPhase section */
		61C27E621D0FFB70005CDAA2 /* Sources */ = {
			isa = PBXSourcesBuildPhase;
			buildActionMask = 2147483647;
			files = (
				61BBD9941F550C82002DC4CC /* UserListCell.m in Sources */,
				61BBD98E1F550C82002DC4CC /* AppDelegate.m in Sources */,
				61BBD9931F550C82002DC4CC /* main.m in Sources */,
				61BBD9961F550C82002DC4CC /* ViewController.m in Sources */,
			);
			runOnlyForDeploymentPostprocessing = 0;
		};
/* End PBXSourcesBuildPhase section */

/* Begin PBXTargetDependency section */
		616ECAB41F4C05D200AE263D /* PBXTargetDependency */ = {
			isa = PBXTargetDependency;
			name = StreamMedia;
			targetProxy = 616ECAB31F4C05D200AE263D /* PBXContainerItemProxy */;
		};
/* End PBXTargetDependency section */

/* Begin PBXVariantGroup section */
		61BBD9811F550C82002DC4CC /* LaunchScreen.storyboard */ = {
			isa = PBXVariantGroup;
			children = (
				61BBD9821F550C82002DC4CC /* Base */,
			);
			name = LaunchScreen.storyboard;
			sourceTree = "<group>";
		};
		61BBD9831F550C82002DC4CC /* Main.storyboard */ = {
			isa = PBXVariantGroup;
			children = (
				61BBD9841F550C82002DC4CC /* Base */,
			);
			name = Main.storyboard;
			sourceTree = "<group>";
		};
/* End PBXVariantGroup section */

/* Begin XCBuildConfiguration section */
		61C27E7B1D0FFB70005CDAA2 /* Debug */ = {
			isa = XCBuildConfiguration;
			buildSettings = {
				ALWAYS_SEARCH_USER_PATHS = NO;
				CLANG_ANALYZER_LOCALIZABILITY_NONLOCALIZED = YES;
				CLANG_ANALYZER_NONNULL = YES;
				CLANG_CXX_LANGUAGE_STANDARD = "c++0x";
				CLANG_CXX_LIBRARY = "libc++";
				CLANG_ENABLE_MODULES = YES;
				CLANG_ENABLE_OBJC_ARC = YES;
				CLANG_WARN_BLOCK_CAPTURE_AUTORELEASING = YES;
				CLANG_WARN_BOOL_CONVERSION = YES;
				CLANG_WARN_COMMA = YES;
				CLANG_WARN_CONSTANT_CONVERSION = YES;
				CLANG_WARN_DEPRECATED_OBJC_IMPLEMENTATIONS = YES;
				CLANG_WARN_DIRECT_OBJC_ISA_USAGE = YES_ERROR;
				CLANG_WARN_EMPTY_BODY = YES;
				CLANG_WARN_ENUM_CONVERSION = YES;
				CLANG_WARN_INFINITE_RECURSION = YES;
				CLANG_WARN_INT_CONVERSION = YES;
				CLANG_WARN_NON_LITERAL_NULL_CONVERSION = YES;
				CLANG_WARN_OBJC_IMPLICIT_RETAIN_SELF = YES;
				CLANG_WARN_OBJC_LITERAL_CONVERSION = YES;
				CLANG_WARN_OBJC_ROOT_CLASS = YES_ERROR;
				CLANG_WARN_RANGE_LOOP_ANALYSIS = YES;
				CLANG_WARN_STRICT_PROTOTYPES = YES;
				CLANG_WARN_SUSPICIOUS_MOVE = YES;
				CLANG_WARN_UNREACHABLE_CODE = YES;
				CLANG_WARN__DUPLICATE_METHOD_MATCH = YES;
				CODE_SIGN_IDENTITY = "iPhone Developer: yaowei feng (NR54S2Y9X7)";
				"CODE_SIGN_IDENTITY[sdk=iphoneos*]" = "iPhone Developer: yaowei feng (NR54S2Y9X7)";
				COPY_PHASE_STRIP = NO;
				DEBUG_INFORMATION_FORMAT = "dwarf-with-dsym";
				ENABLE_STRICT_OBJC_MSGSEND = YES;
				ENABLE_TESTABILITY = YES;
				GCC_C_LANGUAGE_STANDARD = gnu99;
				GCC_DYNAMIC_NO_PIC = NO;
				GCC_INPUT_FILETYPE = sourcecode.cpp.objcpp;
				GCC_NO_COMMON_BLOCKS = YES;
				GCC_OPTIMIZATION_LEVEL = 3;
				GCC_PREPROCESSOR_DEFINITIONS = (
					"DEBUG=1",
					"$(inherited)",
				);
				GCC_WARN_64_TO_32_BIT_CONVERSION = YES;
				GCC_WARN_ABOUT_RETURN_TYPE = YES_ERROR;
				GCC_WARN_UNDECLARED_SELECTOR = YES;
				GCC_WARN_UNINITIALIZED_AUTOS = YES_AGGRESSIVE;
				GCC_WARN_UNUSED_FUNCTION = YES;
				GCC_WARN_UNUSED_VARIABLE = YES;
				HEADER_SEARCH_PATHS = ../inc;
				IPHONEOS_DEPLOYMENT_TARGET = 8.0;
				MTL_ENABLE_DEBUG_INFO = YES;
				ONLY_ACTIVE_ARCH = YES;
				PROVISIONING_PROFILE = "65a79977-92ed-4409-a526-05564b0fd3bf";
				SDKROOT = iphoneos;
				TARGETED_DEVICE_FAMILY = "1,2";
				VALID_ARCHS = "armv7 arm64 x86_64";
			};
			name = Debug;
		};
		61C27E7C1D0FFB70005CDAA2 /* Release */ = {
			isa = XCBuildConfiguration;
			buildSettings = {
				ALWAYS_SEARCH_USER_PATHS = NO;
				CLANG_ANALYZER_LOCALIZABILITY_NONLOCALIZED = YES;
				CLANG_ANALYZER_NONNULL = YES;
				CLANG_CXX_LANGUAGE_STANDARD = "c++0x";
				CLANG_CXX_LIBRARY = "libc++";
				CLANG_ENABLE_MODULES = YES;
				CLANG_ENABLE_OBJC_ARC = YES;
				CLANG_WARN_BLOCK_CAPTURE_AUTORELEASING = YES;
				CLANG_WARN_BOOL_CONVERSION = YES;
				CLANG_WARN_COMMA = YES;
				CLANG_WARN_CONSTANT_CONVERSION = YES;
				CLANG_WARN_DEPRECATED_OBJC_IMPLEMENTATIONS = YES;
				CLANG_WARN_DIRECT_OBJC_ISA_USAGE = YES_ERROR;
				CLANG_WARN_EMPTY_BODY = YES;
				CLANG_WARN_ENUM_CONVERSION = YES;
				CLANG_WARN_INFINITE_RECURSION = YES;
				CLANG_WARN_INT_CONVERSION = YES;
				CLANG_WARN_NON_LITERAL_NULL_CONVERSION = YES;
				CLANG_WARN_OBJC_IMPLICIT_RETAIN_SELF = YES;
				CLANG_WARN_OBJC_LITERAL_CONVERSION = YES;
				CLANG_WARN_OBJC_ROOT_CLASS = YES_ERROR;
				CLANG_WARN_RANGE_LOOP_ANALYSIS = YES;
				CLANG_WARN_STRICT_PROTOTYPES = YES;
				CLANG_WARN_SUSPICIOUS_MOVE = YES;
				CLANG_WARN_UNREACHABLE_CODE = YES;
				CLANG_WARN__DUPLICATE_METHOD_MATCH = YES;
				CODE_SIGN_IDENTITY = "iPhone Developer: yaowei feng (NR54S2Y9X7)";
				"CODE_SIGN_IDENTITY[sdk=iphoneos*]" = "iPhone Developer: yaowei feng (NR54S2Y9X7)";
				COPY_PHASE_STRIP = NO;
				DEBUG_INFORMATION_FORMAT = "dwarf-with-dsym";
				ENABLE_NS_ASSERTIONS = NO;
				ENABLE_STRICT_OBJC_MSGSEND = YES;
				GCC_C_LANGUAGE_STANDARD = gnu99;
				GCC_INPUT_FILETYPE = sourcecode.cpp.objcpp;
				GCC_NO_COMMON_BLOCKS = YES;
				GCC_OPTIMIZATION_LEVEL = 3;
				GCC_WARN_64_TO_32_BIT_CONVERSION = YES;
				GCC_WARN_ABOUT_RETURN_TYPE = YES_ERROR;
				GCC_WARN_UNDECLARED_SELECTOR = YES;
				GCC_WARN_UNINITIALIZED_AUTOS = YES_AGGRESSIVE;
				GCC_WARN_UNUSED_FUNCTION = YES;
				GCC_WARN_UNUSED_VARIABLE = YES;
				HEADER_SEARCH_PATHS = ../inc;
				IPHONEOS_DEPLOYMENT_TARGET = 8.0;
				MTL_ENABLE_DEBUG_INFO = NO;
				ONLY_ACTIVE_ARCH = NO;
				PROVISIONING_PROFILE = "65a79977-92ed-4409-a526-05564b0fd3bf";
				SDKROOT = iphoneos;
				TARGETED_DEVICE_FAMILY = "1,2";
				VALIDATE_PRODUCT = YES;
				VALID_ARCHS = "armv7 arm64 x86_64";
			};
			name = Release;
		};
		61C27E7E1D0FFB70005CDAA2 /* Debug */ = {
			isa = XCBuildConfiguration;
			buildSettings = {
				ALWAYS_EMBED_SWIFT_STANDARD_LIBRARIES = YES;
				ASSETCATALOG_COMPILER_APPICON_NAME = AppIcon;
				CLANG_CXX_LANGUAGE_STANDARD = "gnu++0x";
				CLANG_CXX_LIBRARY = "libc++";
				CLANG_ENABLE_OBJC_ARC = YES;
				CODE_SIGN_ENTITLEMENTS = "StreamMedia-test/StreamMedia-test.entitlements";
				CODE_SIGN_IDENTITY = "iPhone Developer";
				"CODE_SIGN_IDENTITY[sdk=iphoneos*]" = "iPhone Developer";
				CODE_SIGN_STYLE = Automatic;
				DEVELOPMENT_TEAM = ED7JL98CTV;
				ENABLE_BITCODE = NO;
				FRAMEWORK_SEARCH_PATHS = (
					"$(inherited)",
					"$(PROJECT_DIR)/../StreamMedia/lib",
				);
				GCC_INPUT_FILETYPE = sourcecode.cpp.objcpp;
				GCC_OPTIMIZATION_LEVEL = 0;
				HEADER_SEARCH_PATHS = "";
				INFOPLIST_FILE = "StreamMedia-test/Info.plist";
				IPHONEOS_DEPLOYMENT_TARGET = 13.0;
				LD_RUNPATH_SEARCH_PATHS = "$(inherited) @executable_path/Frameworks";
				LIBRARY_SEARCH_PATHS = "";
				ONLY_ACTIVE_ARCH = YES;
				PRODUCT_BUNDLE_IDENTIFIER = zhangxinming.StreamMedia.zxm;
				PRODUCT_NAME = "$(TARGET_NAME)";
				PROVISIONING_PROFILE = "";
				PROVISIONING_PROFILE_SPECIFIER = "";
				VALID_ARCHS = arm64;
			};
			name = Debug;
		};
		61C27E7F1D0FFB70005CDAA2 /* Release */ = {
			isa = XCBuildConfiguration;
			buildSettings = {
				ALWAYS_EMBED_SWIFT_STANDARD_LIBRARIES = YES;
				ASSETCATALOG_COMPILER_APPICON_NAME = AppIcon;
				CLANG_CXX_LANGUAGE_STANDARD = "gnu++0x";
				CLANG_CXX_LIBRARY = "libc++";
				CLANG_ENABLE_OBJC_ARC = YES;
				CODE_SIGN_ENTITLEMENTS = "StreamMedia-test/StreamMedia-test.entitlements";
				CODE_SIGN_IDENTITY = "iPhone Developer";
				"CODE_SIGN_IDENTITY[sdk=iphoneos*]" = "iPhone Developer";
				CODE_SIGN_STYLE = Automatic;
				DEVELOPMENT_TEAM = ED7JL98CTV;
				ENABLE_BITCODE = NO;
				FRAMEWORK_SEARCH_PATHS = (
					"$(inherited)",
					"$(PROJECT_DIR)/../StreamMedia/lib",
				);
				GCC_INPUT_FILETYPE = sourcecode.cpp.objcpp;
				GCC_OPTIMIZATION_LEVEL = 3;
				HEADER_SEARCH_PATHS = "";
				INFOPLIST_FILE = "StreamMedia-test/Info.plist";
				IPHONEOS_DEPLOYMENT_TARGET = 13.0;
				LD_RUNPATH_SEARCH_PATHS = "$(inherited) @executable_path/Frameworks";
				LIBRARY_SEARCH_PATHS = "";
				ONLY_ACTIVE_ARCH = YES;
				PRODUCT_BUNDLE_IDENTIFIER = zhangxinming.StreamMedia.zxm;
				PRODUCT_NAME = "$(TARGET_NAME)";
				PROVISIONING_PROFILE = "";
				PROVISIONING_PROFILE_SPECIFIER = "";
				VALID_ARCHS = arm64;
			};
			name = Release;
		};
/* End XCBuildConfiguration section */

/* Begin XCConfigurationList section */
		61C27E611D0FFB6F005CDAA2 /* Build configuration list for PBXProject "StreamMedia-test" */ = {
			isa = XCConfigurationList;
			buildConfigurations = (
				61C27E7B1D0FFB70005CDAA2 /* Debug */,
				61C27E7C1D0FFB70005CDAA2 /* Release */,
			);
			defaultConfigurationIsVisible = 0;
			defaultConfigurationName = Release;
		};
		61C27E7D1D0FFB70005CDAA2 /* Build configuration list for PBXNativeTarget "StreamMedia-test" */ = {
			isa = XCConfigurationList;
			buildConfigurations = (
				61C27E7E1D0FFB70005CDAA2 /* Debug */,
				61C27E7F1D0FFB70005CDAA2 /* Release */,
			);
			defaultConfigurationIsVisible = 0;
			defaultConfigurationName = Release;
		};
/* End XCConfigurationList section */
	};
	rootObject = 61C27E5E1D0FFB6F005CDAA2 /* Project object */;
}
